{
  "version": "3",
  "packages": {
    "specifiers": {
      "jsr:@denosaurs/lz4@0.1.4": "jsr:@denosaurs/lz4@0.1.4",
      "jsr:@std/encoding@0.221": "jsr:@std/encoding@0.221.0",
      "jsr:@std/encoding@^0.221.0": "jsr:@std/encoding@0.221.0",
      "npm:@phc/format": "npm:@phc/format@1.0.0",
      "npm:@types/node": "npm:@types/node@18.16.19"
    },
    "jsr": {
      "@denosaurs/lz4@0.1.4": {
        "integrity": "ad5d556c02eb01fe1e0f2e953d7be066a14870afe149b1aed1ced019460f6aa1"
      },
      "@std/encoding@0.221.0": {
        "integrity": "d1dd76ef0dc5d14088411e6dc1dede53bf8308c95d1537df1214c97137208e45"
      }
    },
    "npm": {
      "@phc/format@1.0.0": {
        "integrity": "sha512-m7X9U6BG2+J+R1lSOdCiITLLrxm+cWlNI3HUFA92oLO77ObGNzaKdh8pMLqdZcshtkKuV84olNNXDfMc4FezBQ==",
        "dependencies": {}
      },
      "@types/node@18.16.19": {
        "integrity": "sha512-IXl7o+R9iti9eBW4Wg2hx1xQDig183jj7YLn8F7udNceyfkbn1ZxmzZXuak20gR40D7pIkIY1kYGx5VIGbaHKA==",
        "dependencies": {}
      }
    }
  },
  "remote": {},
  "workspace": {
    "dependencies": [
      "jsr:@denosaurs/lz4@0.1.4",
      "jsr:@std/encoding@0.221"
    ]
  }
}
